
Microsoft Visual Studio Solution File, Format Version 12.00
# Visual Studio Version 17
VisualStudioVersion = 17.2.32602.215
MinimumVisualStudioVersion = 10.0.40219.1
Project("{9A19103F-16F7-4668-BE54-9A1E7A4F7556}") = "Business", "Business\Business.csproj", "{92938EA0-88F8-42FA-B562-3407EFBEE9F6}"
EndProject
Project("{9A19103F-16F7-4668-BE54-9A1E7A4F7556}") = "DataAccess", "DataAccess\DataAccess.csproj", "{AFAF258C-E6E0-435A-A129-E7AAA99D2F24}"
EndProject
Project("{9A19103F-16F7-4668-BE54-9A1E7A4F7556}") = "Entities", "Entities\Entities.csproj", "{41A45B6F-5BE5-4091-9583-4CC4CD3A2FC0}"
EndProject
Project("{9A19103F-16F7-4668-BE54-9A1E7A4F7556}") = "ConsoleUI", "Console\ConsoleUI.csproj", "{50488634-A63F-4377-8917-DA5200676207}"
EndProject
Project("{9A19103F-16F7-4668-BE54-9A1E7A4F7556}") = "Core", "CORE\Core.csproj", "{8EFAB998-8485-4B09-94C8-3BE44DB78843}"
EndProject
Project("{FAE04EC0-301F-11D3-BF4B-00C04F79EFBC}") = "WebAPI", "WebAPI\WebAPI.csproj", "{8BBA059E-F99B-4125-9EDF-FF9324E566C7}"
EndProject
Global
	GlobalSection(SolutionConfigurationPlatforms) = preSolution
		Debug|Any CPU = Debug|Any CPU
		Release|Any CPU = Release|Any CPU
	EndGlobalSection
	GlobalSection(ProjectConfigurationPlatforms) = postSolution
		{92938EA0-88F8-42FA-B562-3407EFBEE9F6}.Debug|Any CPU.ActiveCfg = Debug|Any CPU
		{92938EA0-88F8-42FA-B562-3407EFBEE9F6}.Debug|Any CPU.Build.0 = Debug|Any CPU
		{92938EA0-88F8-42FA-B562-3407EFBEE9F6}.Release|Any CPU.ActiveCfg = Release|Any CPU
		{92938EA0-88F8-42FA-B562-3407EFBEE9F6}.Release|Any CPU.Build.0 = Release|Any CPU
		{AFAF258C-E6E0-435A-A129-E7AAA99D2F24}.Debug|Any CPU.ActiveCfg = Debug|Any CPU
		{AFAF258C-E6E0-435A-A129-E7AAA99D2F24}.Debug|Any CPU.Build.0 = Debug|Any CPU
		{AFAF258C-E6E0-435A-A129-E7AAA99D2F24}.Release|Any CPU.ActiveCfg = Release|Any CPU
		{AFAF258C-E6E0-435A-A129-E7AAA99D2F24}.Release|Any CPU.Build.0 = Release|Any CPU
		{41A45B6F-5BE5-4091-9583-4CC4CD3A2FC0}.Debug|Any CPU.ActiveCfg = Debug|Any CPU
		{41A45B6F-5BE5-4091-9583-4CC4CD3A2FC0}.Debug|Any CPU.Build.0 = Debug|Any CPU
		{41A45B6F-5BE5-4091-9583-4CC4CD3A2FC0}.Release|Any CPU.ActiveCfg = Release|Any CPU
		{41A45B6F-5BE5-4091-9583-4CC4CD3A2FC0}.Release|Any CPU.Build.0 = Release|Any CPU
		{50488634-A63F-4377-8917-DA5200676207}.Debug|Any CPU.ActiveCfg = Debug|Any CPU
		{50488634-A63F-4377-8917-DA5200676207}.Debug|Any CPU.Build.0 = Debug|Any CPU
		{50488634-A63F-4377-8917-DA5200676207}.Release|Any CPU.ActiveCfg = Release|Any CPU
		{50488634-A63F-4377-8917-DA5200676207}.Release|Any CPU.Build.0 = Release|Any CPU
		{8EFAB998-8485-4B09-94C8-3BE44DB78843}.Debug|Any CPU.ActiveCfg = Debug|Any CPU
		{8EFAB998-8485-4B09-94C8-3BE44DB78843}.Debug|Any CPU.Build.0 = Debug|Any CPU
		{8EFAB998-8485-4B09-94C8-3BE44DB78843}.Release|Any CPU.ActiveCfg = Release|Any CPU
		{8EFAB998-8485-4B09-94C8-3BE44DB78843}.Release|Any CPU.Build.0 = Release|Any CPU
		{8BBA059E-F99B-4125-9EDF-FF9324E566C7}.Debug|Any CPU.ActiveCfg = Debug|Any CPU
		{8BBA059E-F99B-4125-9EDF-FF9324E566C7}.Debug|Any CPU.Build.0 = Debug|Any CPU
		{8BBA059E-F99B-4125-9EDF-FF9324E566C7}.Release|Any CPU.ActiveCfg = Release|Any CPU
		{8BBA059E-F99B-4125-9EDF-FF9324E566C7}.Release|Any CPU.Build.0 = Release|Any CPU
	EndGlobalSection
	GlobalSection(SolutionProperties) = preSolution
		HideSolutionNode = FALSE
	EndGlobalSection
	GlobalSection(ExtensibilityGlobals) = postSolution
		SolutionGuid = {36346C11-85A2-404D-8C1B-D0BD4E331C49}
	EndGlobalSection
EndGlobal
